{
  "name": "link-doc",
  "version": "1.0.0",
  "lockfileVersion": 1,
  "requires": true,
  "dependencies": {
    "@types/node": {
      "version": "15.6.0",
      "resolved": "https://registry.nlark.com/@types/node/download/@types/node-15.6.0.tgz",
      "integrity": "sha1-8N3KWmHlJifJ3LdxpgOdRGlFl7w=",
      "dev": true
    },
    "typescript": {
      "version": "4.2.4",
      "resolved": "https://registry.nlark.com/typescript/download/typescript-4.2.4.tgz?cache=0&sync_timestamp=1621668244762&other_urls=https%3A%2F%2Fregistry.nlark.com%2Ftypescript%2Fdownload%2Ftypescript-4.2.4.tgz",
      "integrity": "sha1-hhC1l0feAo/aiYqK7w4QPxVtCWE=",
      "dev": true
    }
  }
}
